// !$*UTF8*$!
{
	archiveVersion = 1;
	classes = {
	};
	objectVersion = 56;
	objects = {

/* Begin PBXBuildFile section */
		832F4A7E2B539A1B00BFAB64 /* NetworkLayer.swift in Sources */ = {isa = PBXBuildFile; fileRef = 832F4A7D2B539A1B00BFAB64 /* NetworkLayer.swift */; };
		832F4A812B53A04B00BFAB64 /* Router.swift in Sources */ = {isa = PBXBuildFile; fileRef = 832F4A802B53A04B00BFAB64 /* Router.swift */; };
		832F4A832B53A16E00BFAB64 /* ModuleBuilder.swift in Sources */ = {isa = PBXBuildFile; fileRef = 832F4A822B53A16E00BFAB64 /* ModuleBuilder.swift */; };
		832F4A872B53A30800BFAB64 /* SearchPresenter.swift in Sources */ = {isa = PBXBuildFile; fileRef = 832F4A862B53A30800BFAB64 /* SearchPresenter.swift */; };
		832F4A892B53A31700BFAB64 /* SearchPresenterIO.swift in Sources */ = {isa = PBXBuildFile; fileRef = 832F4A882B53A31700BFAB64 /* SearchPresenterIO.swift */; };
		83DDC0D02B524A81007630BF /* AppDelegate.swift in Sources */ = {isa = PBXBuildFile; fileRef = 83DDC0CF2B524A81007630BF /* AppDelegate.swift */; };
		83DDC0D22B524A81007630BF /* SceneDelegate.swift in Sources */ = {isa = PBXBuildFile; fileRef = 83DDC0D12B524A81007630BF /* SceneDelegate.swift */; };
		83DDC0D42B524A81007630BF /* SearchViewController.swift in Sources */ = {isa = PBXBuildFile; fileRef = 83DDC0D32B524A81007630BF /* SearchViewController.swift */; };
		83DDC0D92B524A82007630BF /* Assets.xcassets in Resources */ = {isa = PBXBuildFile; fileRef = 83DDC0D82B524A82007630BF /* Assets.xcassets */; };
		83DDC0DC2B524A82007630BF /* LaunchScreen.storyboard in Resources */ = {isa = PBXBuildFile; fileRef = 83DDC0DA2B524A82007630BF /* LaunchScreen.storyboard */; };
		83DDC0E82B52591C007630BF /* BaseController.swift in Sources */ = {isa = PBXBuildFile; fileRef = 83DDC0E62B52591C007630BF /* BaseController.swift */; };
		83DDC0E92B52591C007630BF /* BaseView.swift in Sources */ = {isa = PBXBuildFile; fileRef = 83DDC0E72B52591C007630BF /* BaseView.swift */; };
		83DDC0F22B525943007630BF /* UISearchBar + ext.swift in Sources */ = {isa = PBXBuildFile; fileRef = 83DDC0EB2B525943007630BF /* UISearchBar + ext.swift */; };
		83DDC0F52B525943007630BF /* UIImage + ext.swift in Sources */ = {isa = PBXBuildFile; fileRef = 83DDC0EE2B525943007630BF /* UIImage + ext.swift */; };
		83DDC0F62B525943007630BF /* UIColor + ext.swift in Sources */ = {isa = PBXBuildFile; fileRef = 83DDC0EF2B525943007630BF /* UIColor + ext.swift */; };
		83DDC0F72B525943007630BF /* Error + ext.swift in Sources */ = {isa = PBXBuildFile; fileRef = 83DDC0F02B525943007630BF /* Error + ext.swift */; };
		83DDC0F82B525943007630BF /* UIView + ext.swift in Sources */ = {isa = PBXBuildFile; fileRef = 83DDC0F12B525943007630BF /* UIView + ext.swift */; };
		83DDC0FA2B525957007630BF /* Resources.swift in Sources */ = {isa = PBXBuildFile; fileRef = 83DDC0F92B525957007630BF /* Resources.swift */; };
		83DDC0FF2B530426007630BF /* Poison.swift in Sources */ = {isa = PBXBuildFile; fileRef = 83DDC0FE2B530426007630BF /* Poison.swift */; };
		83DDC1022B530D2C007630BF /* PoisonCollectionViewCell.swift in Sources */ = {isa = PBXBuildFile; fileRef = 83DDC1012B530D2C007630BF /* PoisonCollectionViewCell.swift */; };
		83DDC1052B530EE0007630BF /* SF-Pro-Display-Semibold.otf in Resources */ = {isa = PBXBuildFile; fileRef = 83DDC1042B530EE0007630BF /* SF-Pro-Display-Semibold.otf */; };
		83DDC1072B530EF2007630BF /* SF-Pro-Display-Regular.otf in Resources */ = {isa = PBXBuildFile; fileRef = 83DDC1062B530EF2007630BF /* SF-Pro-Display-Regular.otf */; };
		83DDC1092B531181007630BF /* SF-Pro-Display-Light.otf in Resources */ = {isa = PBXBuildFile; fileRef = 83DDC1082B531181007630BF /* SF-Pro-Display-Light.otf */; };
		A8AC2D39C0989DACB088CF11 /* Pods_PoisonsAppTest.framework in Frameworks */ = {isa = PBXBuildFile; fileRef = D38D7F04E49BAD1FB4EC401B /* Pods_PoisonsAppTest.framework */; };
/* End PBXBuildFile section */

/* Begin PBXFileReference section */
		06CE72C85D33DA42E08E7031 /* Pods-PoisonsAppTest.debug.xcconfig */ = {isa = PBXFileReference; includeInIndex = 1; lastKnownFileType = text.xcconfig; name = "Pods-PoisonsAppTest.debug.xcconfig"; path = "Target Support Files/Pods-PoisonsAppTest/Pods-PoisonsAppTest.debug.xcconfig"; sourceTree = "<group>"; };
		5FEF6A1C0671670F4D0721A8 /* Pods-PoisonsAppTest.release.xcconfig */ = {isa = PBXFileReference; includeInIndex = 1; lastKnownFileType = text.xcconfig; name = "Pods-PoisonsAppTest.release.xcconfig"; path = "Target Support Files/Pods-PoisonsAppTest/Pods-PoisonsAppTest.release.xcconfig"; sourceTree = "<group>"; };
		832F4A7D2B539A1B00BFAB64 /* NetworkLayer.swift */ = {isa = PBXFileReference; lastKnownFileType = sourcecode.swift; path = NetworkLayer.swift; sourceTree = "<group>"; };
		832F4A802B53A04B00BFAB64 /* Router.swift */ = {isa = PBXFileReference; lastKnownFileType = sourcecode.swift; path = Router.swift; sourceTree = "<group>"; };
		832F4A822B53A16E00BFAB64 /* ModuleBuilder.swift */ = {isa = PBXFileReference; lastKnownFileType = sourcecode.swift; path = ModuleBuilder.swift; sourceTree = "<group>"; };
		832F4A862B53A30800BFAB64 /* SearchPresenter.swift */ = {isa = PBXFileReference; lastKnownFileType = sourcecode.swift; path = SearchPresenter.swift; sourceTree = "<group>"; };
		832F4A882B53A31700BFAB64 /* SearchPresenterIO.swift */ = {isa = PBXFileReference; lastKnownFileType = sourcecode.swift; path = SearchPresenterIO.swift; sourceTree = "<group>"; };
		83DDC0CC2B524A81007630BF /* PoisonsAppTest.app */ = {isa = PBXFileReference; explicitFileType = wrapper.application; includeInIndex = 0; path = PoisonsAppTest.app; sourceTree = BUILT_PRODUCTS_DIR; };
		83DDC0CF2B524A81007630BF /* AppDelegate.swift */ = {isa = PBXFileReference; lastKnownFileType = sourcecode.swift; path = AppDelegate.swift; sourceTree = "<group>"; };
		83DDC0D12B524A81007630BF /* SceneDelegate.swift */ = {isa = PBXFileReference; lastKnownFileType = sourcecode.swift; path = SceneDelegate.swift; sourceTree = "<group>"; };
		83DDC0D32B524A81007630BF /* SearchViewController.swift */ = {isa = PBXFileReference; lastKnownFileType = sourcecode.swift; path = SearchViewController.swift; sourceTree = "<group>"; };
		83DDC0D82B524A82007630BF /* Assets.xcassets */ = {isa = PBXFileReference; lastKnownFileType = folder.assetcatalog; path = Assets.xcassets; sourceTree = "<group>"; };
		83DDC0DB2B524A82007630BF /* Base */ = {isa = PBXFileReference; lastKnownFileType = file.storyboard; name = Base; path = Base.lproj/LaunchScreen.storyboard; sourceTree = "<group>"; };
		83DDC0DD2B524A82007630BF /* Info.plist */ = {isa = PBXFileReference; lastKnownFileType = text.plist.xml; path = Info.plist; sourceTree = "<group>"; };
		83DDC0E62B52591C007630BF /* BaseController.swift */ = {isa = PBXFileReference; fileEncoding = 4; lastKnownFileType = sourcecode.swift; path = BaseController.swift; sourceTree = "<group>"; };
		83DDC0E72B52591C007630BF /* BaseView.swift */ = {isa = PBXFileReference; fileEncoding = 4; lastKnownFileType = sourcecode.swift; path = BaseView.swift; sourceTree = "<group>"; };
		83DDC0EB2B525943007630BF /* UISearchBar + ext.swift */ = {isa = PBXFileReference; fileEncoding = 4; lastKnownFileType = sourcecode.swift; path = "UISearchBar + ext.swift"; sourceTree = "<group>"; };
		83DDC0EE2B525943007630BF /* UIImage + ext.swift */ = {isa = PBXFileReference; fileEncoding = 4; lastKnownFileType = sourcecode.swift; path = "UIImage + ext.swift"; sourceTree = "<group>"; };
		83DDC0EF2B525943007630BF /* UIColor + ext.swift */ = {isa = PBXFileReference; fileEncoding = 4; lastKnownFileType = sourcecode.swift; path = "UIColor + ext.swift"; sourceTree = "<group>"; };
		83DDC0F02B525943007630BF /* Error + ext.swift */ = {isa = PBXFileReference; fileEncoding = 4; lastKnownFileType = sourcecode.swift; path = "Error + ext.swift"; sourceTree = "<group>"; };
		83DDC0F12B525943007630BF /* UIView + ext.swift */ = {isa = PBXFileReference; fileEncoding = 4; lastKnownFileType = sourcecode.swift; path = "UIView + ext.swift"; sourceTree = "<group>"; };
		83DDC0F92B525957007630BF /* Resources.swift */ = {isa = PBXFileReference; fileEncoding = 4; lastKnownFileType = sourcecode.swift; path = Resources.swift; sourceTree = "<group>"; };
		83DDC0FE2B530426007630BF /* Poison.swift */ = {isa = PBXFileReference; fileEncoding = 4; lastKnownFileType = sourcecode.swift; path = Poison.swift; sourceTree = "<group>"; };
		83DDC1012B530D2C007630BF /* PoisonCollectionViewCell.swift */ = {isa = PBXFileReference; lastKnownFileType = sourcecode.swift; path = PoisonCollectionViewCell.swift; sourceTree = "<group>"; };
		83DDC1042B530EE0007630BF /* SF-Pro-Display-Semibold.otf */ = {isa = PBXFileReference; lastKnownFileType = file; path = "SF-Pro-Display-Semibold.otf"; sourceTree = "<group>"; };
		83DDC1062B530EF2007630BF /* SF-Pro-Display-Regular.otf */ = {isa = PBXFileReference; lastKnownFileType = file; path = "SF-Pro-Display-Regular.otf"; sourceTree = "<group>"; };
		83DDC1082B531181007630BF /* SF-Pro-Display-Light.otf */ = {isa = PBXFileReference; lastKnownFileType = file; path = "SF-Pro-Display-Light.otf"; sourceTree = "<group>"; };
		D38D7F04E49BAD1FB4EC401B /* Pods_PoisonsAppTest.framework */ = {isa = PBXFileReference; explicitFileType = wrapper.framework; includeInIndex = 0; path = Pods_PoisonsAppTest.framework; sourceTree = BUILT_PRODUCTS_DIR; };
/* End PBXFileReference section */

/* Begin PBXFrameworksBuildPhase section */
		83DDC0C92B524A81007630BF /* Frameworks */ = {
			isa = PBXFrameworksBuildPhase;
			buildActionMask = 2147483647;
			files = (
				A8AC2D39C0989DACB088CF11 /* Pods_PoisonsAppTest.framework in Frameworks */,
			);
			runOnlyForDeploymentPostprocessing = 0;
		};
/* End PBXFrameworksBuildPhase section */

/* Begin PBXGroup section */
		1015F8147F296EC45CE0EC59 /* Frameworks */ = {
			isa = PBXGroup;
			children = (
				D38D7F04E49BAD1FB4EC401B /* Pods_PoisonsAppTest.framework */,
			);
			name = Frameworks;
			sourceTree = "<group>";
		};
		832F4A7C2B5399F600BFAB64 /* API */ = {
			isa = PBXGroup;
			children = (
				832F4A7D2B539A1B00BFAB64 /* NetworkLayer.swift */,
			);
			path = API;
			sourceTree = "<group>";
		};
		832F4A7F2B53A03800BFAB64 /* Routing */ = {
			isa = PBXGroup;
			children = (
				832F4A802B53A04B00BFAB64 /* Router.swift */,
			);
			path = Routing;
			sourceTree = "<group>";
		};
		832F4A842B53A17400BFAB64 /* ModuleBuilder */ = {
			isa = PBXGroup;
			children = (
				832F4A822B53A16E00BFAB64 /* ModuleBuilder.swift */,
			);
			path = ModuleBuilder;
			sourceTree = "<group>";
		};
		832F4A852B53A2CF00BFAB64 /* Presenter */ = {
			isa = PBXGroup;
			children = (
				832F4A882B53A31700BFAB64 /* SearchPresenterIO.swift */,
				832F4A862B53A30800BFAB64 /* SearchPresenter.swift */,
			);
			path = Presenter;
			sourceTree = "<group>";
		};
		83DDC0C32B524A81007630BF = {
			isa = PBXGroup;
			children = (
				83DDC0CE2B524A81007630BF /* PoisonsAppTest */,
				83DDC0CD2B524A81007630BF /* Products */,
				D3BA712230FF76F106BEFDC2 /* Pods */,
				1015F8147F296EC45CE0EC59 /* Frameworks */,
			);
			sourceTree = "<group>";
		};
		83DDC0CD2B524A81007630BF /* Products */ = {
			isa = PBXGroup;
			children = (
				83DDC0CC2B524A81007630BF /* PoisonsAppTest.app */,
			);
			name = Products;
			sourceTree = "<group>";
		};
		83DDC0CE2B524A81007630BF /* PoisonsAppTest */ = {
			isa = PBXGroup;
			children = (
				832F4A7F2B53A03800BFAB64 /* Routing */,
				832F4A842B53A17400BFAB64 /* ModuleBuilder */,
				83DDC0E32B5257B7007630BF /* Application */,
				83DDC0FB2B5259F2007630BF /* SearchModule */,
				832F4A7C2B5399F600BFAB64 /* API */,
				83DDC0FD2B530426007630BF /* APIModel */,
				83DDC0E42B52581E007630BF /* SupportingFiles */,
				83DDC0EA2B525943007630BF /* Extensions */,
				83DDC0E52B52591C007630BF /* Base */,
			);
			path = PoisonsAppTest;
			sourceTree = "<group>";
		};
		83DDC0E32B5257B7007630BF /* Application */ = {
			isa = PBXGroup;
			children = (
				83DDC0CF2B524A81007630BF /* AppDelegate.swift */,
				83DDC0D12B524A81007630BF /* SceneDelegate.swift */,
			);
			path = Application;
			sourceTree = "<group>";
		};
		83DDC0E42B52581E007630BF /* SupportingFiles */ = {
			isa = PBXGroup;
			children = (
				83DDC1032B530EC9007630BF /* Fonts */,
				83DDC0F92B525957007630BF /* Resources.swift */,
				83DDC0D82B524A82007630BF /* Assets.xcassets */,
				83DDC0DA2B524A82007630BF /* LaunchScreen.storyboard */,
				83DDC0DD2B524A82007630BF /* Info.plist */,
			);
			path = SupportingFiles;
			sourceTree = "<group>";
		};
		83DDC0E52B52591C007630BF /* Base */ = {
			isa = PBXGroup;
			children = (
				83DDC0E62B52591C007630BF /* BaseController.swift */,
				83DDC0E72B52591C007630BF /* BaseView.swift */,
			);
			path = Base;
			sourceTree = "<group>";
		};
		83DDC0EA2B525943007630BF /* Extensions */ = {
			isa = PBXGroup;
			children = (
				83DDC0EB2B525943007630BF /* UISearchBar + ext.swift */,
				83DDC0EE2B525943007630BF /* UIImage + ext.swift */,
				83DDC0EF2B525943007630BF /* UIColor + ext.swift */,
				83DDC0F02B525943007630BF /* Error + ext.swift */,
				83DDC0F12B525943007630BF /* UIView + ext.swift */,
			);
			path = Extensions;
			sourceTree = "<group>";
		};
		83DDC0FB2B5259F2007630BF /* SearchModule */ = {
			isa = PBXGroup;
			children = (
				832F4A852B53A2CF00BFAB64 /* Presenter */,
				83DDC0FC2B5259FF007630BF /* View */,
			);
			path = SearchModule;
			sourceTree = "<group>";
		};
		83DDC0FC2B5259FF007630BF /* View */ = {
			isa = PBXGroup;
			children = (
				83DDC0D32B524A81007630BF /* SearchViewController.swift */,
				83DDC1002B530CFF007630BF /* Cells */,
			);
			path = View;
			sourceTree = "<group>";
		};
		83DDC0FD2B530426007630BF /* APIModel */ = {
			isa = PBXGroup;
			children = (
				83DDC0FE2B530426007630BF /* Poison.swift */,
			);
			path = APIModel;
			sourceTree = "<group>";
		};
		83DDC1002B530CFF007630BF /* Cells */ = {
			isa = PBXGroup;
			children = (
				83DDC1012B530D2C007630BF /* PoisonCollectionViewCell.swift */,
			);
			path = Cells;
			sourceTree = "<group>";
		};
		83DDC1032B530EC9007630BF /* Fonts */ = {
			isa = PBXGroup;
			children = (
				83DDC1042B530EE0007630BF /* SF-Pro-Display-Semibold.otf */,
				83DDC1062B530EF2007630BF /* SF-Pro-Display-Regular.otf */,
				83DDC1082B531181007630BF /* SF-Pro-Display-Light.otf */,
			);
			path = Fonts;
			sourceTree = "<group>";
		};
		D3BA712230FF76F106BEFDC2 /* Pods */ = {
			isa = PBXGroup;
			children = (
				06CE72C85D33DA42E08E7031 /* Pods-PoisonsAppTest.debug.xcconfig */,
				5FEF6A1C0671670F4D0721A8 /* Pods-PoisonsAppTest.release.xcconfig */,
			);
			name = Pods;
			path = Pods;
			sourceTree = "<group>";
		};
/* End PBXGroup section */

/* Begin PBXNativeTarget section */
		83DDC0CB2B524A81007630BF /* PoisonsAppTest */ = {
			isa = PBXNativeTarget;
			buildConfigurationList = 83DDC0E02B524A82007630BF /* Build configuration list for PBXNativeTarget "PoisonsAppTest" */;
			buildPhases = (
				565FA3A96AE7D1715334009C /* [CP] Check Pods Manifest.lock */,
				83DDC0C82B524A81007630BF /* Sources */,
				83DDC0C92B524A81007630BF /* Frameworks */,
				83DDC0CA2B524A81007630BF /* Resources */,
				EDB20A6CBAFC10FECFEC5970 /* [CP] Embed Pods Frameworks */,
			);
			buildRules = (
			);
			dependencies = (
			);
			name = PoisonsAppTest;
			productName = PoisonsAppTest;
			productReference = 83DDC0CC2B524A81007630BF /* PoisonsAppTest.app */;
			productType = "com.apple.product-type.application";
		};
/* End PBXNativeTarget section */

/* Begin PBXProject section */
		83DDC0C42B524A81007630BF /* Project object */ = {
			isa = PBXProject;
			attributes = {
				BuildIndependentTargetsInParallel = 1;
				LastSwiftUpdateCheck = 1420;
				LastUpgradeCheck = 1420;
				TargetAttributes = {
					83DDC0CB2B524A81007630BF = {
						CreatedOnToolsVersion = 14.2;
					};
				};
			};
			buildConfigurationList = 83DDC0C72B524A81007630BF /* Build configuration list for PBXProject "PoisonsAppTest" */;
			compatibilityVersion = "Xcode 14.0";
			developmentRegion = en;
			hasScannedForEncodings = 0;
			knownRegions = (
				en,
				Base,
			);
			mainGroup = 83DDC0C32B524A81007630BF;
			productRefGroup = 83DDC0CD2B524A81007630BF /* Products */;
			projectDirPath = "";
			projectRoot = "";
			targets = (
				83DDC0CB2B524A81007630BF /* PoisonsAppTest */,
			);
		};
/* End PBXProject section */

/* Begin PBXResourcesBuildPhase section */
		83DDC0CA2B524A81007630BF /* Resources */ = {
			isa = PBXResourcesBuildPhase;
			buildActionMask = 2147483647;
			files = (
				83DDC1052B530EE0007630BF /* SF-Pro-Display-Semibold.otf in Resources */,
				83DDC1092B531181007630BF /* SF-Pro-Display-Light.otf in Resources */,
				83DDC0DC2B524A82007630BF /* LaunchScreen.storyboard in Resources */,
				83DDC1072B530EF2007630BF /* SF-Pro-Display-Regular.otf in Resources */,
				83DDC0D92B524A82007630BF /* Assets.xcassets in Resources */,
			);
			runOnlyForDeploymentPostprocessing = 0;
		};
/* End PBXResourcesBuildPhase section */

/* Begin PBXShellScriptBuildPhase section */
		565FA3A96AE7D1715334009C /* [CP] Check Pods Manifest.lock */ = {
			isa = PBXShellScriptBuildPhase;
			buildActionMask = 2147483647;
			files = (
			);
			inputFileListPaths = (
			);
			inputPaths = (
				"${PODS_PODFILE_DIR_PATH}/Podfile.lock",
				"${PODS_ROOT}/Manifest.lock",
			);
			name = "[CP] Check Pods Manifest.lock";
			outputFileListPaths = (
			);
			outputPaths = (
				"$(DERIVED_FILE_DIR)/Pods-PoisonsAppTest-checkManifestLockResult.txt",
			);
			runOnlyForDeploymentPostprocessing = 0;
			shellPath = /bin/sh;
			shellScript = "diff \"${PODS_PODFILE_DIR_PATH}/Podfile.lock\" \"${PODS_ROOT}/Manifest.lock\" > /dev/null\nif [ $? != 0 ] ; then\n    # print error to STDERR\n    echo \"error: The sandbox is not in sync with the Podfile.lock. Run 'pod install' or update your CocoaPods installation.\" >&2\n    exit 1\nfi\n# This output is used by Xcode 'outputs' to avoid re-running this script phase.\necho \"SUCCESS\" > \"${SCRIPT_OUTPUT_FILE_0}\"\n";
			showEnvVarsInLog = 0;
		};
		EDB20A6CBAFC10FECFEC5970 /* [CP] Embed Pods Frameworks */ = {
			isa = PBXShellScriptBuildPhase;
			buildActionMask = 2147483647;
			files = (
			);
			inputFileListPaths = (
				"${PODS_ROOT}/Target Support Files/Pods-PoisonsAppTest/Pods-PoisonsAppTest-frameworks-${CONFIGURATION}-input-files.xcfilelist",
			);
			name = "[CP] Embed Pods Frameworks";
			outputFileListPaths = (
				"${PODS_ROOT}/Target Support Files/Pods-PoisonsAppTest/Pods-PoisonsAppTest-frameworks-${CONFIGURATION}-output-files.xcfilelist",
			);
			runOnlyForDeploymentPostprocessing = 0;
			shellPath = /bin/sh;
			shellScript = "\"${PODS_ROOT}/Target Support Files/Pods-PoisonsAppTest/Pods-PoisonsAppTest-frameworks.sh\"\n";
			showEnvVarsInLog = 0;
		};
/* End PBXShellScriptBuildPhase section */

/* Begin PBXSourcesBuildPhase section */
		83DDC0C82B524A81007630BF /* Sources */ = {
			isa = PBXSourcesBuildPhase;
			buildActionMask = 2147483647;
			files = (
				832F4A7E2B539A1B00BFAB64 /* NetworkLayer.swift in Sources */,
				83DDC0D42B524A81007630BF /* SearchViewController.swift in Sources */,
				83DDC0D02B524A81007630BF /* AppDelegate.swift in Sources */,
				83DDC1022B530D2C007630BF /* PoisonCollectionViewCell.swift in Sources */,
				83DDC0F72B525943007630BF /* Error + ext.swift in Sources */,
				83DDC0E92B52591C007630BF /* BaseView.swift in Sources */,
				83DDC0F62B525943007630BF /* UIColor + ext.swift in Sources */,
				832F4A812B53A04B00BFAB64 /* Router.swift in Sources */,
				83DDC0E82B52591C007630BF /* BaseController.swift in Sources */,
				83DDC0D22B524A81007630BF /* SceneDelegate.swift in Sources */,
				832F4A892B53A31700BFAB64 /* SearchPresenterIO.swift in Sources */,
				83DDC0FF2B530426007630BF /* Poison.swift in Sources */,
				832F4A832B53A16E00BFAB64 /* ModuleBuilder.swift in Sources */,
				83DDC0F52B525943007630BF /* UIImage + ext.swift in Sources */,
				83DDC0F82B525943007630BF /* UIView + ext.swift in Sources */,
				832F4A872B53A30800BFAB64 /* SearchPresenter.swift in Sources */,
				83DDC0F22B525943007630BF /* UISearchBar + ext.swift in Sources */,
				83DDC0FA2B525957007630BF /* Resources.swift in Sources */,
			);
			runOnlyForDeploymentPostprocessing = 0;
		};
/* End PBXSourcesBuildPhase section */

/* Begin PBXVariantGroup section */
		83DDC0DA2B524A82007630BF /* LaunchScreen.storyboard */ = {
			isa = PBXVariantGroup;
			children = (
				83DDC0DB2B524A82007630BF /* Base */,
			);
			name = LaunchScreen.storyboard;
			sourceTree = "<group>";
		};
/* End PBXVariantGroup section */

/* Begin XCBuildConfiguration section */
		83DDC0DE2B524A82007630BF /* Debug */ = {
			isa = XCBuildConfiguration;
			buildSettings = {
				ALWAYS_SEARCH_USER_PATHS = NO;
				CLANG_ANALYZER_NONNULL = YES;
				CLANG_ANALYZER_NUMBER_OBJECT_CONVERSION = YES_AGGRESSIVE;
				CLANG_CXX_LANGUAGE_STANDARD = "gnu++20";
				CLANG_ENABLE_MODULES = YES;
				CLANG_ENABLE_OBJC_ARC = YES;
				CLANG_ENABLE_OBJC_WEAK = YES;
				CLANG_WARN_BLOCK_CAPTURE_AUTORELEASING = YES;
				CLANG_WARN_BOOL_CONVERSION = YES;
				CLANG_WARN_COMMA = YES;
				CLANG_WARN_CONSTANT_CONVERSION = YES;
				CLANG_WARN_DEPRECATED_OBJC_IMPLEMENTATIONS = YES;
				CLANG_WARN_DIRECT_OBJC_ISA_USAGE = YES_ERROR;
				CLANG_WARN_DOCUMENTATION_COMMENTS = YES;
				CLANG_WARN_EMPTY_BODY = YES;
				CLANG_WARN_ENUM_CONVERSION = YES;
				CLANG_WARN_INFINITE_RECURSION = YES;
				CLANG_WARN_INT_CONVERSION = YES;
				CLANG_WARN_NON_LITERAL_NULL_CONVERSION = YES;
				CLANG_WARN_OBJC_IMPLICIT_RETAIN_SELF = YES;
				CLANG_WARN_OBJC_LITERAL_CONVERSION = YES;
				CLANG_WARN_OBJC_ROOT_CLASS = YES_ERROR;
				CLANG_WARN_QUOTED_INCLUDE_IN_FRAMEWORK_HEADER = YES;
				CLANG_WARN_RANGE_LOOP_ANALYSIS = YES;
				CLANG_WARN_STRICT_PROTOTYPES = YES;
				CLANG_WARN_SUSPICIOUS_MOVE = YES;
				CLANG_WARN_UNGUARDED_AVAILABILITY = YES_AGGRESSIVE;
				CLANG_WARN_UNREACHABLE_CODE = YES;
				CLANG_WARN__DUPLICATE_METHOD_MATCH = YES;
				COPY_PHASE_STRIP = NO;
				DEBUG_INFORMATION_FORMAT = dwarf;
				ENABLE_STRICT_OBJC_MSGSEND = YES;
				ENABLE_TESTABILITY = YES;
				GCC_C_LANGUAGE_STANDARD = gnu11;
				GCC_DYNAMIC_NO_PIC = NO;
				GCC_NO_COMMON_BLOCKS = YES;
				GCC_OPTIMIZATION_LEVEL = 0;
				GCC_PREPROCESSOR_DEFINITIONS = (
					"DEBUG=1",
					"$(inherited)",
				);
				GCC_WARN_64_TO_32_BIT_CONVERSION = YES;
				GCC_WARN_ABOUT_RETURN_TYPE = YES_ERROR;
				GCC_WARN_UNDECLARED_SELECTOR = YES;
				GCC_WARN_UNINITIALIZED_AUTOS = YES_AGGRESSIVE;
				GCC_WARN_UNUSED_FUNCTION = YES;
				GCC_WARN_UNUSED_VARIABLE = YES;
				IPHONEOS_DEPLOYMENT_TARGET = 13.0;
				MTL_ENABLE_DEBUG_INFO = INCLUDE_SOURCE;
				MTL_FAST_MATH = YES;
				ONLY_ACTIVE_ARCH = YES;
				SDKROOT = iphoneos;
				SWIFT_ACTIVE_COMPILATION_CONDITIONS = DEBUG;
				SWIFT_OPTIMIZATION_LEVEL = "-Onone";
			};
			name = Debug;
		};
		83DDC0DF2B524A82007630BF /* Release */ = {
			isa = XCBuildConfiguration;
			buildSettings = {
				ALWAYS_SEARCH_USER_PATHS = NO;
				CLANG_ANALYZER_NONNULL = YES;
				CLANG_ANALYZER_NUMBER_OBJECT_CONVERSION = YES_AGGRESSIVE;
				CLANG_CXX_LANGUAGE_STANDARD = "gnu++20";
				CLANG_ENABLE_MODULES = YES;
				CLANG_ENABLE_OBJC_ARC = YES;
				CLANG_ENABLE_OBJC_WEAK = YES;
				CLANG_WARN_BLOCK_CAPTURE_AUTORELEASING = YES;
				CLANG_WARN_BOOL_CONVERSION = YES;
				CLANG_WARN_COMMA = YES;
				CLANG_WARN_CONSTANT_CONVERSION = YES;
				CLANG_WARN_DEPRECATED_OBJC_IMPLEMENTATIONS = YES;
				CLANG_WARN_DIRECT_OBJC_ISA_USAGE = YES_ERROR;
				CLANG_WARN_DOCUMENTATION_COMMENTS = YES;
				CLANG_WARN_EMPTY_BODY = YES;
				CLANG_WARN_ENUM_CONVERSION = YES;
				CLANG_WARN_INFINITE_RECURSION = YES;
				CLANG_WARN_INT_CONVERSION = YES;
				CLANG_WARN_NON_LITERAL_NULL_CONVERSION = YES;
				CLANG_WARN_OBJC_IMPLICIT_RETAIN_SELF = YES;
				CLANG_WARN_OBJC_LITERAL_CONVERSION = YES;
				CLANG_WARN_OBJC_ROOT_CLASS = YES_ERROR;
				CLANG_WARN_QUOTED_INCLUDE_IN_FRAMEWORK_HEADER = YES;
				CLANG_WARN_RANGE_LOOP_ANALYSIS = YES;
				CLANG_WARN_STRICT_PROTOTYPES = YES;
				CLANG_WARN_SUSPICIOUS_MOVE = YES;
				CLANG_WARN_UNGUARDED_AVAILABILITY = YES_AGGRESSIVE;
				CLANG_WARN_UNREACHABLE_CODE = YES;
				CLANG_WARN__DUPLICATE_METHOD_MATCH = YES;
				COPY_PHASE_STRIP = NO;
				DEBUG_INFORMATION_FORMAT = "dwarf-with-dsym";
				ENABLE_NS_ASSERTIONS = NO;
				ENABLE_STRICT_OBJC_MSGSEND = YES;
				GCC_C_LANGUAGE_STANDARD = gnu11;
				GCC_NO_COMMON_BLOCKS = YES;
				GCC_WARN_64_TO_32_BIT_CONVERSION = YES;
				GCC_WARN_ABOUT_RETURN_TYPE = YES_ERROR;
				GCC_WARN_UNDECLARED_SELECTOR = YES;
				GCC_WARN_UNINITIALIZED_AUTOS = YES_AGGRESSIVE;
				GCC_WARN_UNUSED_FUNCTION = YES;
				GCC_WARN_UNUSED_VARIABLE = YES;
				IPHONEOS_DEPLOYMENT_TARGET = 13.0;
				MTL_ENABLE_DEBUG_INFO = NO;
				MTL_FAST_MATH = YES;
				SDKROOT = iphoneos;
				SWIFT_COMPILATION_MODE = wholemodule;
				SWIFT_OPTIMIZATION_LEVEL = "-O";
				VALIDATE_PRODUCT = YES;
			};
			name = Release;
		};
		83DDC0E12B524A82007630BF /* Debug */ = {
			isa = XCBuildConfiguration;
			baseConfigurationReference = 06CE72C85D33DA42E08E7031 /* Pods-PoisonsAppTest.debug.xcconfig */;
			buildSettings = {
				ASSETCATALOG_COMPILER_APPICON_NAME = AppIcon;
				ASSETCATALOG_COMPILER_GLOBAL_ACCENT_COLOR_NAME = AccentColor;
				CODE_SIGN_STYLE = Automatic;
				CURRENT_PROJECT_VERSION = 1;
				DEVELOPMENT_TEAM = 2R32CKST38;
				GENERATE_INFOPLIST_FILE = YES;
				INFOPLIST_FILE = PoisonsAppTest/SupportingFiles/Info.plist;
				INFOPLIST_KEY_UIApplicationSupportsIndirectInputEvents = YES;
				INFOPLIST_KEY_UILaunchStoryboardName = LaunchScreen;
				INFOPLIST_KEY_UISupportedInterfaceOrientations = UIInterfaceOrientationPortrait;
				INFOPLIST_KEY_UISupportedInterfaceOrientations_iPad = "UIInterfaceOrientationPortrait UIInterfaceOrientationPortraitUpsideDown";
				LD_RUNPATH_SEARCH_PATHS = (
					"$(inherited)",
					"@executable_path/Frameworks",
				);
				MARKETING_VERSION = 1.0;
				PRODUCT_BUNDLE_IDENTIFIER = mikhail.ustyantsev.PoisonsAppTest;
				PRODUCT_NAME = "$(TARGET_NAME)";
				SUPPORTED_PLATFORMS = "iphoneos iphonesimulator";
				SUPPORTS_MACCATALYST = NO;
				SUPPORTS_MAC_DESIGNED_FOR_IPHONE_IPAD = NO;
				SWIFT_EMIT_LOC_STRINGS = YES;
				SWIFT_VERSION = 5.0;
				TARGETED_DEVICE_FAMILY = "1,2";
			};
			name = Debug;
		};
		83DDC0E22B524A82007630BF /* Release */ = {
			isa = XCBuildConfiguration;
			baseConfigurationReference = 5FEF6A1C0671670F4D0721A8 /* Pods-PoisonsAppTest.release.xcconfig */;
			buildSettings = {
				ASSETCATALOG_COMPILER_APPICON_NAME = AppIcon;
				ASSETCATALOG_COMPILER_GLOBAL_ACCENT_COLOR_NAME = AccentColor;
				CODE_SIGN_STYLE = Automatic;
				CURRENT_PROJECT_VERSION = 1;
				DEVELOPMENT_TEAM = 2R32CKST38;
				GENERATE_INFOPLIST_FILE = YES;
				INFOPLIST_FILE = PoisonsAppTest/SupportingFiles/Info.plist;
				INFOPLIST_KEY_UIApplicationSupportsIndirectInputEvents = YES;
				INFOPLIST_KEY_UILaunchStoryboardName = LaunchScreen;
				INFOPLIST_KEY_UISupportedInterfaceOrientations = UIInterfaceOrientationPortrait;
				INFOPLIST_KEY_UISupportedInterfaceOrientations_iPad = "UIInterfaceOrientationPortrait UIInterfaceOrientationPortraitUpsideDown";
				LD_RUNPATH_SEARCH_PATHS = (
					"$(inherited)",
					"@executable_path/Frameworks",
				);
				MARKETING_VERSION = 1.0;
				PRODUCT_BUNDLE_IDENTIFIER = mikhail.ustyantsev.PoisonsAppTest;
				PRODUCT_NAME = "$(TARGET_NAME)";
				SUPPORTED_PLATFORMS = "iphoneos iphonesimulator";
				SUPPORTS_MACCATALYST = NO;
				SUPPORTS_MAC_DESIGNED_FOR_IPHONE_IPAD = NO;
				SWIFT_EMIT_LOC_STRINGS = YES;
				SWIFT_VERSION = 5.0;
				TARGETED_DEVICE_FAMILY = "1,2";
			};
			name = Release;
		};
/* End XCBuildConfiguration section */

/* Begin XCConfigurationList section */
		83DDC0C72B524A81007630BF /* Build configuration list for PBXProject "PoisonsAppTest" */ = {
			isa = XCConfigurationList;
			buildConfigurations = (
				83DDC0DE2B524A82007630BF /* Debug */,
				83DDC0DF2B524A82007630BF /* Release */,
			);
			defaultConfigurationIsVisible = 0;
			defaultConfigurationName = Release;
		};
		83DDC0E02B524A82007630BF /* Build configuration list for PBXNativeTarget "PoisonsAppTest" */ = {
			isa = XCConfigurationList;
			buildConfigurations = (
				83DDC0E12B524A82007630BF /* Debug */,
				83DDC0E22B524A82007630BF /* Release */,
			);
			defaultConfigurationIsVisible = 0;
			defaultConfigurationName = Release;
		};
/* End XCConfigurationList section */
	};
	rootObject = 83DDC0C42B524A81007630BF /* Project object */;
}
